{
  "version": 4,
  "terraform_version": "1.1.5",
  "serial": 214,
  "lineage": "710cc6a7-139d-0272-42b2-b207393a8f98",
  "outputs": {},
  "resources": [
    {
      "mode": "managed",
      "type": "google_compute_address",
      "name": "address",
      "provider": "provider[\"registry.terraform.io/hashicorp/google\"]",
      "instances": [
        {
          "index_key": 0,
          "schema_version": 0,
          "attributes": {
            "address": "104.198.233.207",
            "address_type": "EXTERNAL",
            "creation_timestamp": "2022-02-14T11:19:36.126-08:00",
            "description": "",
            "id": "projects/abdelrahman-adel/regions/us-central1/addresses/nat-manual-ip-0",
            "name": "nat-manual-ip-0",
            "network": "",
            "network_tier": "PREMIUM",
            "prefix_length": 0,
            "project": "abdelrahman-adel",
            "purpose": "",
            "region": "us-central1",
            "self_link": "https://www.googleapis.com/compute/v1/projects/abdelrahman-adel/regions/us-central1/addresses/nat-manual-ip-0",
            "subnetwork": "",
            "timeouts": null,
            "users": [
              "https://www.googleapis.com/compute/v1/projects/abdelrahman-adel/regions/us-central1/routers/router-management"
            ]
          },
          "sensitive_attributes": [],
          "private": "eyJlMmJmYjczMC1lY2FhLTExZTYtOGY4OC0zNDM2M2JjN2M0YzAiOnsiY3JlYXRlIjoyNDAwMDAwMDAwMDAsImRlbGV0ZSI6MjQwMDAwMDAwMDAwfX0=",
          "dependencies": [
            "google_compute_network.vpc_network",
            "google_compute_subnetwork.private"
          ]
        }
      ]
    },
    {
      "mode": "managed",
      "type": "google_compute_firewall",
      "name": "firewall",
      "provider": "provider[\"registry.terraform.io/hashicorp/google\"]",
      "instances": [
        {
          "schema_version": 1,
          "attributes": {
            "allow": [
              {
                "ports": [
                  "80",
                  "22",
                  "443"
                ],
                "protocol": "tcp"
              }
            ],
            "creation_timestamp": "2022-02-14T11:19:13.172-08:00",
            "deny": [],
            "description": "",
            "destination_ranges": [],
            "direction": "INGRESS",
            "disabled": false,
            "enable_logging": null,
            "id": "projects/abdelrahman-adel/global/firewalls/management",
            "log_config": [],
            "name": "management",
            "network": "https://www.googleapis.com/compute/v1/projects/abdelrahman-adel/global/networks/final-project",
            "priority": 1000,
            "project": "abdelrahman-adel",
            "self_link": "https://www.googleapis.com/compute/v1/projects/abdelrahman-adel/global/firewalls/management",
            "source_ranges": [
              "35.235.240.0/20"
            ],
            "source_service_accounts": [],
            "source_tags": [],
            "target_service_accounts": [],
            "target_tags": [
              "foo"
            ],
            "timeouts": null
          },
          "sensitive_attributes": [],
          "private": "eyJlMmJmYjczMC1lY2FhLTExZTYtOGY4OC0zNDM2M2JjN2M0YzAiOnsiY3JlYXRlIjoyNDAwMDAwMDAwMDAsImRlbGV0ZSI6MjQwMDAwMDAwMDAwLCJ1cGRhdGUiOjI0MDAwMDAwMDAwMH0sInNjaGVtYV92ZXJzaW9uIjoiMSJ9",
          "dependencies": [
            "google_compute_network.vpc_network"
          ]
        }
      ]
    },
    {
      "mode": "managed",
      "type": "google_compute_instance",
      "name": "management",
      "provider": "provider[\"registry.terraform.io/hashicorp/google\"]",
      "instances": [
        {
          "schema_version": 6,
          "attributes": {
            "advanced_machine_features": [],
            "allow_stopping_for_update": null,
            "attached_disk": [],
            "boot_disk": [
              {
                "auto_delete": true,
                "device_name": "persistent-disk-0",
                "disk_encryption_key_raw": "",
                "disk_encryption_key_sha256": "",
                "initialize_params": [
                  {
                    "image": "https://www.googleapis.com/compute/v1/projects/centos-cloud/global/images/centos-7-v20220126",
                    "labels": {},
                    "size": 20,
                    "type": "pd-standard"
                  }
                ],
                "kms_key_self_link": "",
                "mode": "READ_WRITE",
                "source": "https://www.googleapis.com/compute/v1/projects/abdelrahman-adel/zones/us-central1-b/disks/vm-management"
              }
            ],
            "can_ip_forward": false,
            "confidential_instance_config": [],
            "cpu_platform": "Unknown CPU Platform",
            "current_status": "TERMINATED",
            "deletion_protection": false,
            "description": "",
            "desired_status": null,
            "enable_display": false,
            "guest_accelerator": [],
            "hostname": "",
            "id": "projects/abdelrahman-adel/zones/us-central1-b/instances/vm-management",
            "instance_id": "9211183481179538017",
            "label_fingerprint": "42WmSpB8rSM=",
            "labels": {},
            "machine_type": "e2-medium",
            "metadata": {},
            "metadata_fingerprint": "ZBbFVAKapqQ=",
            "metadata_startup_script": null,
            "min_cpu_platform": "",
            "name": "vm-management",
            "network_interface": [
              {
                "access_config": [],
                "alias_ip_range": [],
                "ipv6_access_config": [],
                "ipv6_access_type": "",
                "name": "nic0",
                "network": "https://www.googleapis.com/compute/v1/projects/abdelrahman-adel/global/networks/final-project",
                "network_ip": "10.1.0.3",
                "nic_type": "",
                "queue_count": 0,
                "stack_type": "IPV4_ONLY",
                "subnetwork": "https://www.googleapis.com/compute/v1/projects/abdelrahman-adel/regions/us-central1/subnetworks/management",
                "subnetwork_project": "abdelrahman-adel"
              }
            ],
            "project": "abdelrahman-adel",
            "reservation_affinity": [],
            "resource_policies": [],
            "scheduling": [
              {
                "automatic_restart": true,
                "min_node_cpus": 0,
                "node_affinities": [],
                "on_host_maintenance": "MIGRATE",
                "preemptible": false
              }
            ],
            "scratch_disk": [],
            "self_link": "https://www.googleapis.com/compute/v1/projects/abdelrahman-adel/zones/us-central1-b/instances/vm-management",
            "service_account": [
              {
                "email": "service-acount-for-vm-project@abdelrahman-adel.iam.gserviceaccount.com",
                "scopes": [
                  "https://www.googleapis.com/auth/cloud-platform"
                ]
              }
            ],
            "shielded_instance_config": [
              {
                "enable_integrity_monitoring": true,
                "enable_secure_boot": false,
                "enable_vtpm": true
              }
            ],
            "tags": [
              "bar",
              "foo"
            ],
            "tags_fingerprint": "1gqCRgrww4E=",
            "timeouts": null,
            "zone": "us-central1-b"
          },
          "sensitive_attributes": [],
          "private": "eyJlMmJmYjczMC1lY2FhLTExZTYtOGY4OC0zNDM2M2JjN2M0YzAiOnsiY3JlYXRlIjoxMjAwMDAwMDAwMDAwLCJkZWxldGUiOjEyMDAwMDAwMDAwMDAsInVwZGF0ZSI6MTIwMDAwMDAwMDAwMH0sInNjaGVtYV92ZXJzaW9uIjoiNiJ9",
          "dependencies": [
            "google_service_account.vm"
          ]
        }
      ]
    },
    {
      "mode": "managed",
      "type": "google_compute_network",
      "name": "vpc_network",
      "provider": "provider[\"registry.terraform.io/hashicorp/google\"]",
      "instances": [
        {
          "schema_version": 0,
          "attributes": {
            "auto_create_subnetworks": false,
            "delete_default_routes_on_create": false,
            "description": "",
            "gateway_ipv4": "",
            "id": "projects/abdelrahman-adel/global/networks/final-project",
            "mtu": 0,
            "name": "final-project",
            "project": "abdelrahman-adel",
            "routing_mode": "REGIONAL",
            "self_link": "https://www.googleapis.com/compute/v1/projects/abdelrahman-adel/global/networks/final-project",
            "timeouts": null
          },
          "sensitive_attributes": [],
          "private": "eyJlMmJmYjczMC1lY2FhLTExZTYtOGY4OC0zNDM2M2JjN2M0YzAiOnsiY3JlYXRlIjoyNDAwMDAwMDAwMDAsImRlbGV0ZSI6MjQwMDAwMDAwMDAwLCJ1cGRhdGUiOjI0MDAwMDAwMDAwMH19"
        }
      ]
    },
    {
      "mode": "managed",
      "type": "google_compute_router",
      "name": "router",
      "provider": "provider[\"registry.terraform.io/hashicorp/google\"]",
      "instances": [
        {
          "schema_version": 0,
          "attributes": {
            "bgp": [],
            "creation_timestamp": "2022-02-14T11:19:36.131-08:00",
            "description": "",
            "encrypted_interconnect_router": false,
            "id": "projects/abdelrahman-adel/regions/us-central1/routers/router-management",
            "name": "router-management",
            "network": "https://www.googleapis.com/compute/v1/projects/abdelrahman-adel/global/networks/final-project",
            "project": "abdelrahman-adel",
            "region": "us-central1",
            "self_link": "https://www.googleapis.com/compute/v1/projects/abdelrahman-adel/regions/us-central1/routers/router-management",
            "timeouts": null
          },
          "sensitive_attributes": [],
          "private": "eyJlMmJmYjczMC1lY2FhLTExZTYtOGY4OC0zNDM2M2JjN2M0YzAiOnsiY3JlYXRlIjoyNDAwMDAwMDAwMDAsImRlbGV0ZSI6MjQwMDAwMDAwMDAwLCJ1cGRhdGUiOjI0MDAwMDAwMDAwMH19",
          "dependencies": [
            "google_compute_network.vpc_network",
            "google_compute_subnetwork.private"
          ]
        }
      ]
    },
    {
      "mode": "managed",
      "type": "google_compute_router_nat",
      "name": "nat_manual",
      "provider": "provider[\"registry.terraform.io/hashicorp/google\"]",
      "instances": [
        {
          "schema_version": 0,
          "attributes": {
            "drain_nat_ips": [],
            "enable_endpoint_independent_mapping": true,
            "icmp_idle_timeout_sec": 30,
            "id": "abdelrahman-adel/us-central1/router-management/my-router-nat",
            "log_config": [],
            "min_ports_per_vm": 0,
            "name": "my-router-nat",
            "nat_ip_allocate_option": "MANUAL_ONLY",
            "nat_ips": [
              "https://www.googleapis.com/compute/v1/projects/abdelrahman-adel/regions/us-central1/addresses/nat-manual-ip-0"
            ],
            "project": "abdelrahman-adel",
            "region": "us-central1",
            "router": "router-management",
            "source_subnetwork_ip_ranges_to_nat": "LIST_OF_SUBNETWORKS",
            "subnetwork": [
              {
                "name": "https://www.googleapis.com/compute/v1/projects/abdelrahman-adel/regions/us-central1/subnetworks/management",
                "secondary_ip_range_names": [],
                "source_ip_ranges_to_nat": [
                  "ALL_IP_RANGES"
                ]
              }
            ],
            "tcp_established_idle_timeout_sec": 1200,
            "tcp_transitory_idle_timeout_sec": 30,
            "timeouts": null,
            "udp_idle_timeout_sec": 30
          },
          "sensitive_attributes": [],
          "private": "eyJlMmJmYjczMC1lY2FhLTExZTYtOGY4OC0zNDM2M2JjN2M0YzAiOnsiY3JlYXRlIjo2MDAwMDAwMDAwMDAsImRlbGV0ZSI6NjAwMDAwMDAwMDAwLCJ1cGRhdGUiOjYwMDAwMDAwMDAwMH19",
          "dependencies": [
            "google_compute_address.address",
            "google_compute_network.vpc_network",
            "google_compute_router.router",
            "google_compute_subnetwork.private"
          ]
        }
      ]
    },
    {
      "mode": "managed",
      "type": "google_compute_subnetwork",
      "name": "private",
      "provider": "provider[\"registry.terraform.io/hashicorp/google\"]",
      "instances": [
        {
          "schema_version": 0,
          "attributes": {
            "creation_timestamp": "2022-02-14T11:19:13.631-08:00",
            "description": "",
            "external_ipv6_prefix": "",
            "fingerprint": null,
            "gateway_address": "10.1.0.1",
            "id": "projects/abdelrahman-adel/regions/us-central1/subnetworks/management",
            "ip_cidr_range": "10.1.0.0/16",
            "ipv6_access_type": "",
            "ipv6_cidr_range": "",
            "log_config": [],
            "name": "management",
            "network": "https://www.googleapis.com/compute/v1/projects/abdelrahman-adel/global/networks/final-project",
            "private_ip_google_access": false,
            "private_ipv6_google_access": "DISABLE_GOOGLE_ACCESS",
            "project": "abdelrahman-adel",
            "purpose": "PRIVATE",
            "region": "us-central1",
            "role": "",
            "secondary_ip_range": [],
            "self_link": "https://www.googleapis.com/compute/v1/projects/abdelrahman-adel/regions/us-central1/subnetworks/management",
            "stack_type": "IPV4_ONLY",
            "timeouts": null
          },
          "sensitive_attributes": [],
          "private": "eyJlMmJmYjczMC1lY2FhLTExZTYtOGY4OC0zNDM2M2JjN2M0YzAiOnsiY3JlYXRlIjozNjAwMDAwMDAwMDAsImRlbGV0ZSI6MzYwMDAwMDAwMDAwLCJ1cGRhdGUiOjM2MDAwMDAwMDAwMH19",
          "dependencies": [
            "google_compute_network.vpc_network"
          ]
        }
      ]
    },
    {
      "mode": "managed",
      "type": "google_container_cluster",
      "name": "primary",
      "provider": "provider[\"registry.terraform.io/hashicorp/google\"]",
      "instances": [
        {
          "schema_version": 1,
          "attributes": {
            "addons_config": [
              {
                "cloudrun_config": [],
                "horizontal_pod_autoscaling": [],
                "http_load_balancing": [],
                "network_policy_config": [
                  {
                    "disabled": true
                  }
                ]
              }
            ],
            "authenticator_groups_config": [],
            "cluster_autoscaling": [
              {
                "auto_provisioning_defaults": [],
                "enabled": false,
                "resource_limits": []
              }
            ],
            "cluster_ipv4_cidr": "10.3.0.0/16",
            "confidential_nodes": [],
            "database_encryption": [
              {
                "key_name": "",
                "state": "DECRYPTED"
              }
            ],
            "datapath_provider": "",
            "default_max_pods_per_node": 110,
            "default_snat_status": [
              {
                "disabled": false
              }
            ],
            "description": "",
            "enable_autopilot": false,
            "enable_binary_authorization": false,
            "enable_intranode_visibility": false,
            "enable_kubernetes_alpha": false,
            "enable_legacy_abac": false,
            "enable_shielded_nodes": true,
            "enable_tpu": false,
            "endpoint": "172.16.0.2",
            "id": "projects/abdelrahman-adel/locations/us-central1/clusters/my-gke-cluster",
            "initial_node_count": 1,
            "ip_allocation_policy": [
              {
                "cluster_ipv4_cidr_block": "10.3.0.0/16",
                "cluster_secondary_range_name": "gke-my-gke-cluster-pods-024fd96c",
                "services_ipv4_cidr_block": "10.4.0.0/16",
                "services_secondary_range_name": "gke-my-gke-cluster-services-024fd96c"
              }
            ],
            "label_fingerprint": "a9dc16a7",
            "location": "us-central1",
            "logging_config": [
              {
                "enable_components": [
                  "SYSTEM_COMPONENTS",
                  "WORKLOADS"
                ]
              }
            ],
            "logging_service": "logging.googleapis.com/kubernetes",
            "maintenance_policy": [],
            "master_auth": [
              {
                "client_certificate": "",
                "client_certificate_config": [
                  {
                    "issue_client_certificate": false
                  }
                ],
                "client_key": "",
                "cluster_ca_certificate": "LS0tLS1CRUdJTiBDRVJUSUZJQ0FURS0tLS0tCk1JSUVMRENDQXBTZ0F3SUJBZ0lRVk9FV3J5NjIvcmRXWDNtS0pESTlmVEFOQmdrcWhraUc5dzBCQVFzRkFEQXYKTVMwd0t3WURWUVFERXlSa05tVmtNREpoT0MweE5qSmxMVFJsWkdRdE9UTm1OeTFrWlRBM1ptRmpOREl5Wm1RdwpJQmNOTWpJd01qRTFNVEkwTkRJMVdoZ1BNakExTWpBeU1EZ3hNelEwTWpWYU1DOHhMVEFyQmdOVkJBTVRKR1EyClpXUXdNbUU0TFRFMk1tVXROR1ZrWkMwNU0yWTNMV1JsTURkbVlXTTBNakptWkRDQ0FhSXdEUVlKS29aSWh2Y04KQVFFQkJRQURnZ0dQQURDQ0FZb0NnZ0dCQUw3a0NHZXdDSEJTaWluS3ZOKzZ6a2ZtYWRoNzVZWGR4b21sQUY5TgppZ2hxVTBhY0hMYjNoR2xQTm9hWEJXdi9BMnBVU3c0TDV2Nk5BaFpWU0tFZStRN2VqV3RxYnBKMzBkK1A5OGlyCkZYdVFYQXpoZDdualBmMXVtRjZJYmtCSDdRY0lpZVVUQWt3NWVGYTlUbi9kZ3lWak1Na0ZGOHFJM2dhQlI2dmwKakNXS29JN2E5Q0FhNFVTRXYzNGZPNTNEN1c3KzVyZm5Pa2VpMDV1RW5icWlPUDdveUR0aWc4OE40UkpDT1hsQQp2bnMvMzNKb3hGL0R5NlE4dWFibzFoMmtUVmhoYTNEcDA2dG5EZVQ2SHpsVGRMTlBITkdzaTRTVk11WXZHWjRNCkNYSFpmbU05c1QzTkpFYkFYYnE5MXRaa2dCYkdiSmcwODQ1WFpPaTJ3SXVYcWVUbU9TSnp3TGIyOVhOT2dFNDAKcEYvWFhQdi85ZC9mOUNMVWdPcDlrN3hUSk91N0JieTFSek50NHBmQzh0dmhjaTc0VXJVTUZud25CKzRhRWJYWQpwZkxjSjE4NVdJeVMwT2gwY1VQRFV4UkJHZ0dzaGtaUnU5SVdVQTZoT2VBYjNEZVdDR2lvSEFQK3BFV1B3SUxhCmU1VVR5cEhwRGsrcHhENG1mTmNBbUtBbmxRSURBUUFCbzBJd1FEQU9CZ05WSFE4QkFmOEVCQU1DQWdRd0R3WUQKVlIwVEFRSC9CQVV3QXdFQi96QWRCZ05WSFE0RUZnUVU2U1JHRE9jSjdkZ25uaXNHZTlBUjZuYWt5WGN3RFFZSgpLb1pJaHZjTkFRRUxCUUFEZ2dHQkFKMDdERXRDL2UrNWE2MjVTK1g3ZlV4MEtyWTFsQ1pyQkQxZ1M5ZnFtY3h1CnZOMjBRdktSdENjNWh4bXRpTHNHSElZS3NQb2hWeWR2emJ3OExkdkJpckhvN25rM0dPdkViQXR3K1dwa1o3VXMKUVB2Y01EeUFHMW9sdklTbjZ6QVUvQlllTEJXNEhuM1JLeThZWitVL1BwbW1oNHFQbjNEZEtzdXlIQVAvN2ZXQwpEc3ZHdlduZi9FcW1JUER1N295bVZCUUZacE5nSk5hdlNURmVMSDVMYTgzazZ3TDJsYWVkbGV3cUtnRy9HSG5lCmJhSlUvcmFEK25tSWJ0THpsQXVvVHN4SERmeTFYTUJ2RDI2ZkYvdTBxRnl4QnRRTFJLQnF4SnhvYWxJMTZjczIKbDliSERTWjJSTlBLVGdoa2hnbFRCNEhhV0c3NjF2ZVBDQVd4aG1GUGpYK3F0VFVHLzR4bUltdVhoWTdHS05jSwpKL3FWZzBqK25nV1lRSEk0ODZnMENpUHZOMmRCWm9iVDZTRllSN3NLdW9wbVFiZDFyQlM4V1hlb1ByektHdVNPCmNITVlNc3FET0NxZlpFTG0zamd6MW9YSi93bnBxOFdCaFlDK1VmczkrK0ZIZitGOWtLUXJJcHJKWTUzUS94NHoKbmdzMUZXNm1RUVhrZkxKN1htc3IvZz09Ci0tLS0tRU5EIENFUlRJRklDQVRFLS0tLS0K"
              }
            ],
            "master_authorized_networks_config": [
              {
                "cidr_blocks": [
                  {
                    "cidr_block": "10.1.0.0/16",
                    "display_name": "access-cluster-with-subnet-management"
                  }
                ]
              }
            ],
            "master_version": "1.21.6-gke.1500",
            "min_master_version": null,
            "monitoring_config": [
              {
                "enable_components": [
                  "SYSTEM_COMPONENTS"
                ]
              }
            ],
            "monitoring_service": "monitoring.googleapis.com/kubernetes",
            "name": "my-gke-cluster",
            "network": "projects/abdelrahman-adel/global/networks/final-project",
            "network_policy": [
              {
                "enabled": false,
                "provider": "PROVIDER_UNSPECIFIED"
              }
            ],
            "networking_mode": "VPC_NATIVE",
            "node_config": [],
            "node_locations": [
              "us-central1-b",
              "us-central1-c",
              "us-central1-f"
            ],
            "node_pool": [],
            "node_version": "1.21.6-gke.1500",
            "operation": null,
            "private_cluster_config": [
              {
                "enable_private_endpoint": true,
                "enable_private_nodes": true,
                "master_global_access_config": [
                  {
                    "enabled": false
                  }
                ],
                "master_ipv4_cidr_block": "172.16.0.0/28",
                "peering_name": "gke-n5dce920f411f3266589-d511-a1ff-peer",
                "private_endpoint": "172.16.0.2",
                "public_endpoint": "35.184.159.157"
              }
            ],
            "private_ipv6_google_access": "",
            "project": "abdelrahman-adel",
            "release_channel": [
              {
                "channel": "REGULAR"
              }
            ],
            "remove_default_node_pool": true,
            "resource_labels": null,
            "resource_usage_export_config": [],
            "self_link": "https://container.googleapis.com/v1/projects/abdelrahman-adel/locations/us-central1/clusters/my-gke-cluster",
            "services_ipv4_cidr": "10.4.0.0/16",
            "subnetwork": "projects/abdelrahman-adel/regions/us-central1/subnetworks/management",
            "timeouts": null,
            "tpu_ipv4_cidr_block": "",
            "vertical_pod_autoscaling": [],
            "workload_identity_config": []
          },
          "sensitive_attributes": [],
          "private": "eyJlMmJmYjczMC1lY2FhLTExZTYtOGY4OC0zNDM2M2JjN2M0YzAiOnsiY3JlYXRlIjoyNDAwMDAwMDAwMDAwLCJkZWxldGUiOjI0MDAwMDAwMDAwMDAsInJlYWQiOjI0MDAwMDAwMDAwMDAsInVwZGF0ZSI6MzYwMDAwMDAwMDAwMH0sInNjaGVtYV92ZXJzaW9uIjoiMSJ9",
          "dependencies": [
            "google_compute_network.vpc_network",
            "google_compute_subnetwork.private"
          ]
        }
      ]
    },
    {
      "mode": "managed",
      "type": "google_container_node_pool",
      "name": "primary_preemptible_nodes",
      "provider": "provider[\"registry.terraform.io/hashicorp/google\"]",
      "instances": [
        {
          "schema_version": 1,
          "attributes": {
            "autoscaling": [
              {
                "max_node_count": 2,
                "min_node_count": 1
              }
            ],
            "cluster": "my-gke-cluster",
            "id": "projects/abdelrahman-adel/locations/us-central1/clusters/my-gke-cluster/nodePools/my-node-pool",
            "initial_node_count": 1,
            "instance_group_urls": [
              "https://www.googleapis.com/compute/v1/projects/abdelrahman-adel/zones/us-central1-f/instanceGroupManagers/gke-my-gke-cluster-my-node-pool-405033a0-grp",
              "https://www.googleapis.com/compute/v1/projects/abdelrahman-adel/zones/us-central1-c/instanceGroupManagers/gke-my-gke-cluster-my-node-pool-ce27bef2-grp",
              "https://www.googleapis.com/compute/v1/projects/abdelrahman-adel/zones/us-central1-b/instanceGroupManagers/gke-my-gke-cluster-my-node-pool-49c0e96f-grp"
            ],
            "location": "us-central1",
            "managed_instance_group_urls": [
              "https://www.googleapis.com/compute/v1/projects/abdelrahman-adel/zones/us-central1-f/instanceGroups/gke-my-gke-cluster-my-node-pool-405033a0-grp",
              "https://www.googleapis.com/compute/v1/projects/abdelrahman-adel/zones/us-central1-c/instanceGroups/gke-my-gke-cluster-my-node-pool-ce27bef2-grp",
              "https://www.googleapis.com/compute/v1/projects/abdelrahman-adel/zones/us-central1-b/instanceGroups/gke-my-gke-cluster-my-node-pool-49c0e96f-grp"
            ],
            "management": [
              {
                "auto_repair": true,
                "auto_upgrade": true
              }
            ],
            "max_pods_per_node": 110,
            "name": "my-node-pool",
            "name_prefix": "",
            "node_config": [
              {
                "boot_disk_kms_key": "",
                "disk_size_gb": 100,
                "disk_type": "pd-standard",
                "gcfs_config": [],
                "guest_accelerator": [],
                "image_type": "COS_CONTAINERD",
                "labels": {},
                "local_ssd_count": 0,
                "machine_type": "e2-medium",
                "metadata": {
                  "disable-legacy-endpoints": "true"
                },
                "min_cpu_platform": "",
                "node_group": "",
                "oauth_scopes": [
                  "https://www.googleapis.com/auth/cloud-platform"
                ],
                "preemptible": true,
                "service_account": "service-acount-for-vm-project@abdelrahman-adel.iam.gserviceaccount.com",
                "shielded_instance_config": [
                  {
                    "enable_integrity_monitoring": true,
                    "enable_secure_boot": false
                  }
                ],
                "tags": null,
                "taint": [],
                "workload_metadata_config": []
              }
            ],
            "node_count": 1,
            "node_locations": [
              "us-central1-b",
              "us-central1-c",
              "us-central1-f"
            ],
            "operation": null,
            "project": "abdelrahman-adel",
            "timeouts": null,
            "upgrade_settings": [
              {
                "max_surge": 1,
                "max_unavailable": 0
              }
            ],
            "version": "1.21.6-gke.1500"
          },
          "sensitive_attributes": [],
          "private": "eyJlMmJmYjczMC1lY2FhLTExZTYtOGY4OC0zNDM2M2JjN2M0YzAiOnsiY3JlYXRlIjoxODAwMDAwMDAwMDAwLCJkZWxldGUiOjE4MDAwMDAwMDAwMDAsInVwZGF0ZSI6MTgwMDAwMDAwMDAwMH0sInNjaGVtYV92ZXJzaW9uIjoiMSJ9",
          "dependencies": [
            "google_compute_network.vpc_network",
            "google_compute_subnetwork.private",
            "google_container_cluster.primary",
            "google_service_account.vm"
          ]
        }
      ]
    },
    {
      "mode": "managed",
      "type": "google_project_iam_binding",
      "name": "vm1",
      "provider": "provider[\"registry.terraform.io/hashicorp/google\"]",
      "instances": [
        {
          "schema_version": 0,
          "attributes": {
            "condition": [],
            "etag": "BwXX/0m4RvE=",
            "id": "abdelrahman-adel/roles/container.admin",
            "members": [
              "serviceAccount:service-acount-for-vm-project@abdelrahman-adel.iam.gserviceaccount.com"
            ],
            "project": "abdelrahman-adel",
            "role": "roles/container.admin"
          },
          "sensitive_attributes": [],
          "private": "bnVsbA==",
          "dependencies": [
            "google_service_account.vm"
          ]
        }
      ]
    },
    {
      "mode": "managed",
      "type": "google_service_account",
      "name": "vm",
      "provider": "provider[\"registry.terraform.io/hashicorp/google\"]",
      "instances": [
        {
          "schema_version": 0,
          "attributes": {
            "account_id": "service-acount-for-vm-project",
            "description": "",
            "disabled": false,
            "display_name": "service-acount-for-vm-project",
            "email": "service-acount-for-vm-project@abdelrahman-adel.iam.gserviceaccount.com",
            "id": "projects/abdelrahman-adel/serviceAccounts/service-acount-for-vm-project@abdelrahman-adel.iam.gserviceaccount.com",
            "name": "projects/abdelrahman-adel/serviceAccounts/service-acount-for-vm-project@abdelrahman-adel.iam.gserviceaccount.com",
            "project": "abdelrahman-adel",
            "timeouts": null,
            "unique_id": "101957299693453358689"
          },
          "sensitive_attributes": [],
          "private": "eyJlMmJmYjczMC1lY2FhLTExZTYtOGY4OC0zNDM2M2JjN2M0YzAiOnsiY3JlYXRlIjozMDAwMDAwMDAwMDB9fQ=="
        }
      ]
    }
  ]
}
